
Microsoft Visual Studio Solution File, Format Version 12.00
# Visual Studio Version 16
VisualStudioVersion = 16.0.808.1
MinimumVisualStudioVersion = 10.0.40219.1
Project("{FAE04EC0-301F-11D3-BF4B-00C04F79EFBC}") = "Zulweb", "Zulweb\Zulweb.csproj", "{B71E228C-1FDA-42F8-BCFD-6B0E44878316}"
EndProject
Project("{FAE04EC0-301F-11D3-BF4B-00C04F79EFBC}") = "Hsp.Osc", "C:\Repos\dotNet\Hsp.Osc\Hsp.Osc\Hsp.Osc.csproj", "{19BC45CA-4476-4D4F-9AE3-FBB9B3FB7258}"
EndProject
Global
	GlobalSection(SolutionConfigurationPlatforms) = preSolution
		Debug|Any CPU = Debug|Any CPU
		Release|Any CPU = Release|Any CPU
	EndGlobalSection
	GlobalSection(ProjectConfigurationPlatforms) = postSolution
		{B71E228C-1FDA-42F8-BCFD-6B0E44878316}.Debug|Any CPU.ActiveCfg = Debug|Any CPU
		{B71E228C-1FDA-42F8-BCFD-6B0E44878316}.Debug|Any CPU.Build.0 = Debug|Any CPU
		{B71E228C-1FDA-42F8-BCFD-6B0E44878316}.Release|Any CPU.ActiveCfg = Release|Any CPU
		{B71E228C-1FDA-42F8-BCFD-6B0E44878316}.Release|Any CPU.Build.0 = Release|Any CPU
		{19BC45CA-4476-4D4F-9AE3-FBB9B3FB7258}.Debug|Any CPU.ActiveCfg = Debug|Any CPU
		{19BC45CA-4476-4D4F-9AE3-FBB9B3FB7258}.Debug|Any CPU.Build.0 = Debug|Any CPU
		{19BC45CA-4476-4D4F-9AE3-FBB9B3FB7258}.Release|Any CPU.ActiveCfg = Release|Any CPU
		{19BC45CA-4476-4D4F-9AE3-FBB9B3FB7258}.Release|Any CPU.Build.0 = Release|Any CPU
	EndGlobalSection
	GlobalSection(SolutionProperties) = preSolution
		HideSolutionNode = FALSE
	EndGlobalSection
	GlobalSection(ExtensibilityGlobals) = postSolution
		SolutionGuid = {8CDF841F-6C8F-4A5D-ADE2-4D746C4C74E6}
	EndGlobalSection
EndGlobal
