
Microsoft Visual Studio Solution File, Format Version 12.00
# Visual Studio Version 16
VisualStudioVersion = 16.0.808.1
MinimumVisualStudioVersion = 10.0.40219.1
Project("{FAE04EC0-301F-11D3-BF4B-00C04F79EFBC}") = "Zulweb", "Zulweb\Zulweb.csproj", "{B71E228C-1FDA-42F8-BCFD-6B0E44878316}"
EndProject
Project("{FAE04EC0-301F-11D3-BF4B-00C04F79EFBC}") = "Zulweb.Models", "Zulweb.Models\Zulweb.Models.csproj", "{A159C0D2-A991-4391-82F7-2D5248829DB1}"
EndProject
Project("{FAE04EC0-301F-11D3-BF4B-00C04F79EFBC}") = "Zulweb.MidiPipes", "Zulweb.MidiPipes\Zulweb.MidiPipes.csproj", "{BCF74FB2-CE4D-4265-9E8A-AAF573DDD870}"
EndProject
Project("{FAE04EC0-301F-11D3-BF4B-00C04F79EFBC}") = "Zulweb.LedProxy", "Zulweb.LedProxy\Zulweb.LedProxy.csproj", "{4D5B0992-DBED-4835-A05F-C2B4EE999DC7}"
EndProject
Project("{FAE04EC0-301F-11D3-BF4B-00C04F79EFBC}") = "Zulweb.AbletonLink", "Zulweb.AbletonLink\Zulweb.AbletonLink.csproj", "{DBF06FD6-61CE-4DA4-B1B0-7CAE58A5E570}"
EndProject
Global
	GlobalSection(SolutionConfigurationPlatforms) = preSolution
		Debug|Any CPU = Debug|Any CPU
		Release|Any CPU = Release|Any CPU
	EndGlobalSection
	GlobalSection(ProjectConfigurationPlatforms) = postSolution
		{B71E228C-1FDA-42F8-BCFD-6B0E44878316}.Debug|Any CPU.ActiveCfg = Debug|Any CPU
		{B71E228C-1FDA-42F8-BCFD-6B0E44878316}.Debug|Any CPU.Build.0 = Debug|Any CPU
		{B71E228C-1FDA-42F8-BCFD-6B0E44878316}.Release|Any CPU.ActiveCfg = Release|Any CPU
		{B71E228C-1FDA-42F8-BCFD-6B0E44878316}.Release|Any CPU.Build.0 = Release|Any CPU
		{A159C0D2-A991-4391-82F7-2D5248829DB1}.Debug|Any CPU.ActiveCfg = Debug|Any CPU
		{A159C0D2-A991-4391-82F7-2D5248829DB1}.Debug|Any CPU.Build.0 = Debug|Any CPU
		{A159C0D2-A991-4391-82F7-2D5248829DB1}.Release|Any CPU.ActiveCfg = Release|Any CPU
		{A159C0D2-A991-4391-82F7-2D5248829DB1}.Release|Any CPU.Build.0 = Release|Any CPU
		{BCF74FB2-CE4D-4265-9E8A-AAF573DDD870}.Debug|Any CPU.ActiveCfg = Debug|Any CPU
		{BCF74FB2-CE4D-4265-9E8A-AAF573DDD870}.Debug|Any CPU.Build.0 = Debug|Any CPU
		{BCF74FB2-CE4D-4265-9E8A-AAF573DDD870}.Release|Any CPU.ActiveCfg = Release|Any CPU
		{BCF74FB2-CE4D-4265-9E8A-AAF573DDD870}.Release|Any CPU.Build.0 = Release|Any CPU
		{4D5B0992-DBED-4835-A05F-C2B4EE999DC7}.Debug|Any CPU.ActiveCfg = Debug|Any CPU
		{4D5B0992-DBED-4835-A05F-C2B4EE999DC7}.Debug|Any CPU.Build.0 = Debug|Any CPU
		{4D5B0992-DBED-4835-A05F-C2B4EE999DC7}.Release|Any CPU.ActiveCfg = Release|Any CPU
		{4D5B0992-DBED-4835-A05F-C2B4EE999DC7}.Release|Any CPU.Build.0 = Release|Any CPU
		{DBF06FD6-61CE-4DA4-B1B0-7CAE58A5E570}.Debug|Any CPU.ActiveCfg = Debug|Any CPU
		{DBF06FD6-61CE-4DA4-B1B0-7CAE58A5E570}.Debug|Any CPU.Build.0 = Debug|Any CPU
		{DBF06FD6-61CE-4DA4-B1B0-7CAE58A5E570}.Release|Any CPU.ActiveCfg = Release|Any CPU
		{DBF06FD6-61CE-4DA4-B1B0-7CAE58A5E570}.Release|Any CPU.Build.0 = Release|Any CPU
	EndGlobalSection
	GlobalSection(SolutionProperties) = preSolution
		HideSolutionNode = FALSE
	EndGlobalSection
	GlobalSection(ExtensibilityGlobals) = postSolution
		SolutionGuid = {8CDF841F-6C8F-4A5D-ADE2-4D746C4C74E6}
	EndGlobalSection
EndGlobal
